lockfileVersion: '9.0'

settings:
  autoInstallPeers: true
  excludeLinksFromLockfile: false

importers:

  .:
    devDependencies:
      '@playwright/test':
        specifier: 1.63.0
        version: 1.63.0
      browser-id3-writer:
        specifier: 6.4.0
        version: 6.4.0
      jspdf:
        specifier: 4.2.1
        version: 4.2.1
      jsqr:
        specifier: 1.4.0
        version: 1.4.0
      jszip:
        specifier: 3.10.1
        version: 3.10.1
      pdf-lib:
        specifier: 1.17.1
        version: 1.17.1
      pdfjs-dist:
        specifier: 6.3.289
        version: 6.3.289
      qrcodejs:
        specifier: 1.0.0
        version: 1.0.0
      selenium-webdriver:
        specifier: 4.37.0
        version: 4.37.0

packages:

  '@babel/runtime@7.29.7':
    resolution: {integrity: sha512-Nq8OhGWiZIZGV6hLHoyAKLLcJihP/xFeBMGJoUrxTX2psI8dCifzLhZISFb+VWS3wFMRDmCGw5R+dOySCqPLhw==}
    engines: {node: '>=6.9.0'}

  '@bazel/runfiles@6.5.0':
    resolution: {integrity: sha512-RzahvqTkfpY2jsDxo8YItPX+/iZ6hbiikw1YhE0bA9EKBR5Og8Pa6FHn9PO9M0zaXRVsr0GFQLKbB/0rzy9SzA==}

  '@napi-rs/canvas-android-arm64@1.0.9':
    resolution: {integrity: sha512-4LGXk2/0HVzE29K8SzML5WubgCp++B1FH3qgl35XmSZE+lLdr6P9VRQEnZ0MCLZMTSuJP41yyhtoiVNEuvrTIA==}
    engines: {node: '>= 10'}
    cpu: [arm64]
    os: [android]

  '@napi-rs/canvas-darwin-arm64@1.0.9':
    resolution: {integrity: sha512-YNdfLBzY0W/Pep9fo2L6RmoNlNksnn05LRnX66W63R3ij58S25QOTcjdtEt2v8+PnCESzqZsYzUo+QPeIR44NA==}
    engines: {node: '>= 10'}
    cpu: [arm64]
    os: [darwin]

  '@napi-rs/canvas-darwin-x64@1.0.9':
    resolution: {integrity: sha512-ceZQSknTEcy3dOXoekv59LTCkXjvnLsq+VW5PeNNDHEPQbRS5Ervkm1EaDa7WLAjiYWMLuSQTRTHao1dEX4prg==}
    engines: {node: '>= 10'}
    cpu: [x64]
    os: [darwin]

  '@napi-rs/canvas-linux-arm-gnueabihf@1.0.9':
    resolution: {integrity: sha512-XhfI0Wwv4llhd6nnWDtY3kQKjq0r+y1i91PlJlJI24ag2U9WrnwbG1qS3+fDLEyouwEVFchiKkTEHozK+5iUNA==}
    engines: {node: '>= 10'}
    cpu: [arm]
    os: [linux]

  '@napi-rs/canvas-linux-arm64-gnu@1.0.9':
    resolution: {integrity: sha512-012oiYtKaE7i9oxc8q7nraT7kDOpLcaCmFLzVe9Ty34RHDdoDzbWLrVh827CNxYh/EADX1eSikA3ymLjo/nNuw==}
    engines: {node: '>= 10'}
    cpu: [arm64]
    os: [linux]
    libc: [glibc]

  '@napi-rs/canvas-linux-arm64-musl@1.0.9':
    resolution: {integrity: sha512-Ls5UWYFFn63casTZEczbeyEg3vRDRkv9lscuGwfchtY5yLLQhgOB8SN4YGxmfJ5vTaBwZ2YUxBS3NtmjJmFXdA==}
    engines: {node: '>= 10'}
    cpu: [arm64]
    os: [linux]
    libc: [musl]

  '@napi-rs/canvas-linux-riscv64-gnu@1.0.9':
    resolution: {integrity: sha512-hLKEGxV7ZiRHqndePTokgDMdBlo/rDfzg7P4p4QIv9pUhuYobnu3R2NIFLCRghG0nwfo+s2sw+c1xZFeCmEAsw==}
    engines: {node: '>= 10'}
    cpu: [riscv64]
    os: [linux]
    libc: [glibc]

  '@napi-rs/canvas-linux-x64-gnu@1.0.9':
    resolution: {integrity: sha512-6kaz3w0QMy77PDWk6rJ1ksIihdad3qzEyX2o2oGT8GwCaypfT5mhjr8buOO5hstyLxcWXDScuz56RsINLtBPIQ==}
    engines: {node: '>= 10'}
    cpu: [x64]
    os: [linux]
    libc: [glibc]

  '@napi-rs/canvas-linux-x64-musl@1.0.9':
    resolution: {integrity: sha512-xrGvmS3v55hmZ86ls/kBLVNMUTYio3f6Ik0DireemG994VfPAwiA3ZXA0Uf1bByctkB3NQ1Sfb+H5bkdUnnzfQ==}
    engines: {node: '>= 10'}
    cpu: [x64]
    os: [linux]
    libc: [musl]

  '@napi-rs/canvas-win32-arm64-msvc@1.0.9':
    resolution: {integrity: sha512-yjmVS3ArZeRVCP7jqbPq4rpZa/BhTeI7ELE2XqJg3snICQBDevLZyArxswHkiTnT34KRic33/4fLirrHI+SY8A==}
    engines: {node: '>= 10'}
    cpu: [arm64]
    os: [win32]

  '@napi-rs/canvas-win32-x64-msvc@1.0.9':
    resolution: {integrity: sha512-QlSYQdMQslB81nlABo9wNfQ6npFhE7/O+saCZdqVGueGanyRk4jCogD5EwQenfP3kIq9e+mm6GreQBjX5MrA8g==}
    engines: {node: '>= 10'}
    cpu: [x64]
    os: [win32]

  '@napi-rs/canvas@1.0.9':
    resolution: {integrity: sha512-QviPdJImDi/jMAvBfqaw+19BndMd/sizXVW3NnpMd3VJGz++QXkOHcP9kWR/smHG0hNjHeyuHFyrx/5lD0oNcQ==}
    engines: {node: '>= 10'}

  '@pdf-lib/standard-fonts@1.0.0':
    resolution: {integrity: sha512-hU30BK9IUN/su0Mn9VdlVKsWBS6GyhVfqjwl1FjZN4TxP6cCw0jP2w7V3Hf5uX7M0AZJ16vey9yE0ny7Sa59ZA==}

  '@pdf-lib/upng@1.0.1':
    resolution: {integrity: sha512-dQK2FUMQtowVP00mtIksrlZhdFXQZPC+taih1q4CvPZ5vqdxR/LKBaFg0oAfzd1GlHZXXSPdQfzQnt+ViGvEIQ==}

  '@playwright/test@1.63.0':
    resolution: {integrity: sha512-oxMK4vllB9RK5NQ2l1pq1IfOf2AvnEuj/vYGDj0H2nMtmtZpKtCwt/l00GEO6xjGfpBNAvjovvYdCm50dRQkpQ==}
    engines: {node: '>=20'}
    hasBin: true

  '@types/pako@2.0.4':
    resolution: {integrity: sha512-VWDCbrLeVXJM9fihYodcLiIv0ku+AlOa/TQ1SvYOaBuyrSKgEcro95LJyIsJ4vSo6BXIxOKxiJAat04CmST9Fw==}

  '@types/raf@3.4.3':
    resolution: {integrity: sha512-c4YAvMedbPZ5tEyxzQdMoOhhJ4RD3rngZIdwC2/qDN3d7JpEhB6fiBRKVY1lg5B7Wk+uPBjn5f39j1/2MY1oOw==}

  '@types/trusted-types@2.0.7':
    resolution: {integrity: sha512-ScaPdn1dQczgbl0QFTeTOmVHFULt394XJgOQNoyVhZ6r2vLnMLJfBPd53SB52T/3G36VI1/g2MZaX0cwDuXsfw==}

  base64-arraybuffer@1.0.2:
    resolution: {integrity: sha512-I3yl4r9QB5ZRY3XuJVEPfc2XhZO6YweFPI+UovAzn+8/hb3oJ6lnysaFcjVpkCPfVWFUDvoZ8kmVDP7WyRtYtQ==}
    engines: {node: '>= 0.6.0'}

  browser-id3-writer@6.4.0:
    resolution: {integrity: sha512-4tbo+MMGuINslAzZugHdLDGj6m2vKqgXqG4QXBYnPJndRw1jx1eGlDMNwsR6lKrjuzw+GZtHwFNoKuUJBbF22A==}

  canvg@3.0.11:
    resolution: {integrity: sha512-5ON+q7jCTgMp9cjpu4Jo6XbvfYwSB2Ow3kzHKfIyJfaCAOHLbdKPQqGKgfED/R5B+3TFFfe8pegYA+b423SRyA==}
    engines: {node: '>=10.0.0'}

  core-js@3.50.0:
    resolution: {integrity: sha512-BRWgOLKkFeCgRudR6zrs8p9XJZcE14grzKMMssoYrk6krtuEZ7MTKPIY5RzOnqsEKIR9kst7wNzphttraT+Yqw==}

  core-util-is@1.0.3:
    resolution: {integrity: sha512-ZQBvi1DcpJ4GDqanjucZ2Hj3wEO5pZDS89BWbkcrvdxksJorwUDDZamX9ldFkp9aw2lmBDLgkObEA4DWNJ9FYQ==}

  css-line-break@2.1.0:
    resolution: {integrity: sha512-FHcKFCZcAha3LwfVBhCQbW2nCNbkZXn7KVUJcsT5/P8YmfsVja0FMPJr0B903j/E69HUphKiV9iQArX8SDYA4w==}

  dompurify@3.4.15:
    resolution: {integrity: sha512-EUBjM+B+lkDE41iE82DDSCfkoPGfXx8IxFxPMjNzm/Uk4xDet77rTN9wqlxlVg71kK7XGuUMv6wUxJUwwv+Xyw==}

  fast-png@6.4.0:
    resolution: {integrity: sha512-kAqZq1TlgBjZcLr5mcN6NP5Rv4V2f22z00c3g8vRrwkcqjerx7BEhPbOnWCPqaHUl2XWQBJQvOT/FQhdMT7X/Q==}

  fflate@0.8.3:
    resolution: {integrity: sha512-tbZNuJrLwGUp3zshBtdy4W+ORxZuIh8a5ilyIEQDC5rY1f3U20JMry0Ll3WBzU58EZKsEuJFXhb5gwv8CsPvgA==}

  html2canvas@1.4.1:
    resolution: {integrity: sha512-fPU6BHNpsyIhr8yyMpTLLxAbkaK8ArIBcmZIRiBLiDhjeqvXolaEmDGmELFuX9I4xDcaKKcJl+TKZLqruBbmWA==}
    engines: {node: '>=8.0.0'}

  immediate@3.0.6:
    resolution: {integrity: sha512-XXOFtyqDjNDAQxVfYxuF7g9Il/IbWmmlQg2MYKOH8ExIT1qg6xc4zyS3HaEEATgs1btfzxq15ciUiY7gjSXRGQ==}

  inherits@2.0.4:
    resolution: {integrity: sha512-k/vGaX4/Yla3WzyMCvTQOXYeIHvqOKtnqBduzTHpzpQZzAskKMhZ2K+EnBiSM9zGSoIFeMpXKxa4dYeZIQqewQ==}

  iobuffer@5.4.0:
    resolution: {integrity: sha512-DRebOWuqDvxunfkNJAlc3IzWIPD5xVxwUNbHr7xKB8E6aLJxIPfNX3CoMJghcFjpv6RWQsrcJbghtEwSPoJqMA==}

  isarray@1.0.0:
    resolution: {integrity: sha512-VLghIWNM6ELQzo7zwmcg0NmTVyWKYjvIeM83yjp0wRDTmUnrM678fQbcKBo6n2CJEF0szoG//ytg+TKla89ALQ==}

  jspdf@4.2.1:
    resolution: {integrity: sha512-YyAXyvnmjTbR4bHQRLzex3CuINCDlQnBqoSYyjJwTP2x9jDLuKDzy7aKUl0hgx3uhcl7xzg32agn5vlie6HIlQ==}

  jsqr@1.4.0:
    resolution: {integrity: sha512-dxLob7q65Xg2DvstYkRpkYtmKm2sPJ9oFhrhmudT1dZvNFFTlroai3AWSpLey/w5vMcLBXRgOJsbXpdN9HzU/A==}

  jszip@3.10.1:
    resolution: {integrity: sha512-xXDvecyTpGLrqFrvkrUSoxxfJI5AH7U8zxxtVclpsUtMCq4JQ290LY8AW5c7Ggnr/Y/oK+bQMbqK2qmtk3pN4g==}

  jszip@3.10.2:
    resolution: {integrity: sha512-3l+rb15IOWtUhU0H5MFqES/T6Kh7abYwjosBey/vD6hDt8zoEffkSC5Ws5SGtgVw3gBx2NEbhTeSW1+kWkpyTQ==}

  lie@3.3.0:
    resolution: {integrity: sha512-UaiMJzeWRlEujzAuw5LokY1L5ecNQYZKfmyZ9L7wDHb/p5etKaxXhohBcrw0EYby+G/NA52vRSN4N39dxHAIwQ==}

  pako@1.0.11:
    resolution: {integrity: sha512-4hLB8Py4zZce5s4yd9XzopqwVv/yGNhV1Bl8NTmCq1763HeK2+EwVTv+leGeL13Dnh2wfbqowVPXCIO0z4taYw==}

  pako@2.2.0:
    resolution: {integrity: sha512-zJq6RP/5q+TO2OpFV3FHzlPnFjmkb7Nc99a5SNjJE+uu/PkpChs+NIZSSzbBoD+6kjiISXjfYdwj1ZRQ81dz/w==}

  pdf-lib@1.17.1:
    resolution: {integrity: sha512-V/mpyJAoTsN4cnP31vc0wfNA1+p20evqqnap0KLoRUN0Yk/p3wN52DOEsL4oBFcLdb76hlpKPtzJIgo67j/XLw==}

  pdfjs-dist@6.3.289:
    resolution: {integrity: sha512-ZHjSVpDa3D6izMq8/04lvkhkATUmL9px6ChPaXc1k6nU2Mrhlg1/7F0bdUqCwUjw3NsPTfPZsMDUU6ZIcRaeQw==}
    engines: {node: '>=22.13.0 || >=24'}

  performance-now@2.1.0:
    resolution: {integrity: sha512-7EAHlyLHI56VEIdK57uwHdHKIaAGbnXPiw0yWbarQZOKaKpvUIgW0jWRVLiatnM+XXlSwsanIBH/hzGMJulMow==}

  playwright-core@1.63.0:
    resolution: {integrity: sha512-rYCsBF/M5HjUch52bbtVONEFjv6Xu8sm8h72dNlR5bzIE1fvC/bxgspzkjSfU+MweEMmPM8KJebG6nnyxo5mCg==}
    engines: {node: '>=20'}
    hasBin: true

  playwright@1.63.0:
    resolution: {integrity: sha512-+7ziBLidS4NaNCdt57SUDT+wYmmd5fmiQejUic/kb+YsYSCPyOOE9sebzMjNmQrsnNpDJqd4WHvV/8lfKfUDUg==}
    engines: {node: '>=20'}
    hasBin: true

  process-nextick-args@2.0.1:
    resolution: {integrity: sha512-3ouUOpQhtgrbOa17J7+uxOTpITYWaGP7/AhoR3+A+/1e9skrzelGi/dXzEYyvbxubEF6Wn2ypscTKiKJFFn1ag==}

  qrcodejs@1.0.0:
    resolution: {integrity: sha512-67rj3mMBhSBepaD57qENnltO+r8rSYlqM7HGThks/BiyDAkc86sLvkKqjkqPS5v13f7tvnt6dbEf3qt7zq+BCg==}

  raf@3.4.1:
    resolution: {integrity: sha512-Sq4CW4QhwOHE8ucn6J34MqtZCeWFP2aQSmrlroYgqAV1PjStIhJXxYuTgUIfkEk7zTLjmIjLmU5q+fbD1NnOJA==}

  readable-stream@2.3.8:
    resolution: {integrity: sha512-8p0AUk4XODgIewSi0l8Epjs+EVnWiK7NoDIEGU0HhE7+ZyY8D1IMY7odu5lRrFXGg71L15KG8QrPmum45RTtdA==}

  regenerator-runtime@0.13.11:
    resolution: {integrity: sha512-kY1AZVr2Ra+t+piVaJ4gxaFaReZVH40AKNo7UCX6W+dEwBo/2oZJzqfuN1qLq1oL45o56cPaTXELwrTh8Fpggg==}

  rgbcolor@1.0.1:
    resolution: {integrity: sha512-9aZLIrhRaD97sgVhtJOW6ckOEh6/GnvQtdVNfdZ6s67+3/XwLS9lBcQYzEEhYVeUowN7pRzMLsyGhK2i/xvWbw==}
    engines: {node: '>= 0.8.15'}

  safe-buffer@5.1.2:
    resolution: {integrity: sha512-Gd2UZBJDkXlY7GbJxfsE8/nvKkUEU1G38c1siN6QP6a9PT9MmHB8GnpscSmMJSoF8LOIrt8ud/wPtojys4G6+g==}

  selenium-webdriver@4.37.0:
    resolution: {integrity: sha512-eHwfYyudXRrMvBocqMwzvYhWWvpYuWcNXwu3IRtMZUci930zMVr6mVDCiMSDWpqBe5B+Rh/IVY7l9xoqNK8usw==}
    engines: {node: '>= 20.0.0'}

  setimmediate@1.0.5:
    resolution: {integrity: sha512-MATJdZp8sLqDl/68LfQmbP8zKPLQNV6BIZoIgrscFDQ+RsvK/BxeDQOgyxKKoh0y/8h3BqVFnCqQ/gd+reiIXA==}

  stackblur-canvas@2.7.0:
    resolution: {integrity: sha512-yf7OENo23AGJhBriGx0QivY5JP6Y1HbrrDI6WLt6C5auYZXlQrheoY8hD4ibekFKz1HOfE48Ww8kMWMnJD/zcQ==}
    engines: {node: '>=0.1.14'}

  string_decoder@1.1.1:
    resolution: {integrity: sha512-n/ShnvDi6FHbbVfviro+WojiFzv+s8MPMHBczVePfUpDJLwoLT0ht1l4YwBCbi8pJAveEEdnkHyPyTP/mzRfwg==}

  svg-pathdata@6.0.3:
    resolution: {integrity: sha512-qsjeeq5YjBZ5eMdFuUa4ZosMLxgr5RZ+F+Y1OrDhuOCEInRMA3x74XdBtggJcj9kOeInz0WE+LgCPDkZFlBYJw==}
    engines: {node: '>=12.0.0'}

  text-segmentation@1.0.3:
    resolution: {integrity: sha512-iOiPUo/BGnZ6+54OsWxZidGCsdU8YbE4PSpdPinp7DeMtUJNJBoJ/ouUSTJjHkh1KntHaltHl/gDs2FC4i5+Nw==}

  tmp@0.2.7:
    resolution: {integrity: sha512-e0votIpp4Uo2AJYSzVHV6xCcawuiez3DzqDAbrTc3YxBkplN6e+dM13ZeIcZnDg/QpSuU2zfZ3rzwY8ukEnaXw==}
    engines: {node: '>=14.14'}

  tslib@1.14.1:
    resolution: {integrity: sha512-Xni35NKzjgMrwevysHTCArtLDpPvye8zV/0E4EyYn43P7/7qvQwPh9BGkHewbMulVntbigmcT7rdX3BNo9wRJg==}

  util-deprecate@1.0.2:
    resolution: {integrity: sha512-EPD5q1uXyFxJpCrLnCc1nHnq3gOa6DZBocAIiI2TaSCA7VCJ1UJDMagCzIkXNsUYfD1daK//LTEQ8xiIbrHtcw==}

  utrie@1.0.2:
    resolution: {integrity: sha512-1MLa5ouZiOmQzUbjbu9VmjLzn1QLXBhwpUa7kdLUQK+KQ5KA9I1vk5U4YHe/X2Ch7PYnJfWuWT+VbuxbGwljhw==}

  ws@8.21.3:
    resolution: {integrity: sha512-201TZ/kPWxoPr/OKWjquZR1SWKXcvxdH+e1xrx89b3YbmzLMFCLfnaG1HFIgWzJOEWZ7MvpK++odZufgYR50Rw==}
    engines: {node: '>=10.0.0'}
    peerDependencies:
      bufferutil: ^4.0.1
      utf-8-validate: '>=5.0.2'
    peerDependenciesMeta:
      bufferutil:
        optional: true
      utf-8-validate:
        optional: true

snapshots:

  '@babel/runtime@7.29.7': {}

  '@bazel/runfiles@6.5.0': {}

  '@napi-rs/canvas-android-arm64@1.0.9':
    optional: true

  '@napi-rs/canvas-darwin-arm64@1.0.9':
    optional: true

  '@napi-rs/canvas-darwin-x64@1.0.9':
    optional: true

  '@napi-rs/canvas-linux-arm-gnueabihf@1.0.9':
    optional: true

  '@napi-rs/canvas-linux-arm64-gnu@1.0.9':
    optional: true

  '@napi-rs/canvas-linux-arm64-musl@1.0.9':
    optional: true

  '@napi-rs/canvas-linux-riscv64-gnu@1.0.9':
    optional: true

  '@napi-rs/canvas-linux-x64-gnu@1.0.9':
    optional: true

  '@napi-rs/canvas-linux-x64-musl@1.0.9':
    optional: true

  '@napi-rs/canvas-win32-arm64-msvc@1.0.9':
    optional: true

  '@napi-rs/canvas-win32-x64-msvc@1.0.9':
    optional: true

  '@napi-rs/canvas@1.0.9':
    optionalDependencies:
      '@napi-rs/canvas-android-arm64': 1.0.9
      '@napi-rs/canvas-darwin-arm64': 1.0.9
      '@napi-rs/canvas-darwin-x64': 1.0.9
      '@napi-rs/canvas-linux-arm-gnueabihf': 1.0.9
      '@napi-rs/canvas-linux-arm64-gnu': 1.0.9
      '@napi-rs/canvas-linux-arm64-musl': 1.0.9
      '@napi-rs/canvas-linux-riscv64-gnu': 1.0.9
      '@napi-rs/canvas-linux-x64-gnu': 1.0.9
      '@napi-rs/canvas-linux-x64-musl': 1.0.9
      '@napi-rs/canvas-win32-arm64-msvc': 1.0.9
      '@napi-rs/canvas-win32-x64-msvc': 1.0.9
    optional: true

  '@pdf-lib/standard-fonts@1.0.0':
    dependencies:
      pako: 1.0.11

  '@pdf-lib/upng@1.0.1':
    dependencies:
      pako: 1.0.11

  '@playwright/test@1.63.0':
    dependencies:
      playwright: 1.63.0

  '@types/pako@2.0.4': {}

  '@types/raf@3.4.3':
    optional: true

  '@types/trusted-types@2.0.7':
    optional: true

  base64-arraybuffer@1.0.2:
    optional: true

  browser-id3-writer@6.4.0: {}

  canvg@3.0.11:
    dependencies:
      '@babel/runtime': 7.29.7
      '@types/raf': 3.4.3
      core-js: 3.50.0
      raf: 3.4.1
      regenerator-runtime: 0.13.11
      rgbcolor: 1.0.1
      stackblur-canvas: 2.7.0
      svg-pathdata: 6.0.3
    optional: true

  core-js@3.50.0:
    optional: true

  core-util-is@1.0.3: {}

  css-line-break@2.1.0:
    dependencies:
      utrie: 1.0.2
    optional: true

  dompurify@3.4.15:
    optionalDependencies:
      '@types/trusted-types': 2.0.7
    optional: true

  fast-png@6.4.0:
    dependencies:
      '@types/pako': 2.0.4
      iobuffer: 5.4.0
      pako: 2.2.0

  fflate@0.8.3: {}

  html2canvas@1.4.1:
    dependencies:
      css-line-break: 2.1.0
      text-segmentation: 1.0.3
    optional: true

  immediate@3.0.6: {}

  inherits@2.0.4: {}

  iobuffer@5.4.0: {}

  isarray@1.0.0: {}

  jspdf@4.2.1:
    dependencies:
      '@babel/runtime': 7.29.7
      fast-png: 6.4.0
      fflate: 0.8.3
    optionalDependencies:
      canvg: 3.0.11
      core-js: 3.50.0
      dompurify: 3.4.15
      html2canvas: 1.4.1

  jsqr@1.4.0: {}

  jszip@3.10.1:
    dependencies:
      lie: 3.3.0
      pako: 1.0.11
      readable-stream: 2.3.8
      setimmediate: 1.0.5

  jszip@3.10.2:
    dependencies:
      lie: 3.3.0
      pako: 1.0.11
      readable-stream: 2.3.8
      setimmediate: 1.0.5

  lie@3.3.0:
    dependencies:
      immediate: 3.0.6

  pako@1.0.11: {}

  pako@2.2.0: {}

  pdf-lib@1.17.1:
    dependencies:
      '@pdf-lib/standard-fonts': 1.0.0
      '@pdf-lib/upng': 1.0.1
      pako: 1.0.11
      tslib: 1.14.1

  pdfjs-dist@6.3.289:
    optionalDependencies:
      '@napi-rs/canvas': 1.0.9

  performance-now@2.1.0:
    optional: true

  playwright-core@1.63.0: {}

  playwright@1.63.0:
    dependencies:
      playwright-core: 1.63.0

  process-nextick-args@2.0.1: {}

  qrcodejs@1.0.0: {}

  raf@3.4.1:
    dependencies:
      performance-now: 2.1.0
    optional: true

  readable-stream@2.3.8:
    dependencies:
      core-util-is: 1.0.3
      inherits: 2.0.4
      isarray: 1.0.0
      process-nextick-args: 2.0.1
      safe-buffer: 5.1.2
      string_decoder: 1.1.1
      util-deprecate: 1.0.2

  regenerator-runtime@0.13.11:
    optional: true

  rgbcolor@1.0.1:
    optional: true

  safe-buffer@5.1.2: {}

  selenium-webdriver@4.37.0:
    dependencies:
      '@bazel/runfiles': 6.5.0
      jszip: 3.10.2
      tmp: 0.2.7
      ws: 8.21.3
    transitivePeerDependencies:
      - bufferutil
      - utf-8-validate

  setimmediate@1.0.5: {}

  stackblur-canvas@2.7.0:
    optional: true

  string_decoder@1.1.1:
    dependencies:
      safe-buffer: 5.1.2

  svg-pathdata@6.0.3:
    optional: true

  text-segmentation@1.0.3:
    dependencies:
      utrie: 1.0.2
    optional: true

  tmp@0.2.7: {}

  tslib@1.14.1: {}

  util-deprecate@1.0.2: {}

  utrie@1.0.2:
    dependencies:
      base64-arraybuffer: 1.0.2
    optional: true

  ws@8.21.3: {}
